// !$*UTF8*$!
{
	archiveVersion = 1;
	classes = {
	};
	objectVersion = 46;
	objects = {

/* Begin PBXBuildFile section */
		752566631B90334E0079DF94 /* AFHTTPRequestOperation.m in Sources */ = {isa = PBXBuildFile; fileRef = 752566511B90334E0079DF94 /* AFHTTPRequestOperation.m */; settings = {ASSET_TAGS = (); }; };
		752566641B90334E0079DF94 /* AFHTTPRequestOperationManager.m in Sources */ = {isa = PBXBuildFile; fileRef = 752566531B90334E0079DF94 /* AFHTTPRequestOperationManager.m */; settings = {ASSET_TAGS = (); }; };
		752566651B90334E0079DF94 /* AFHTTPSessionManager.m in Sources */ = {isa = PBXBuildFile; fileRef = 752566551B90334E0079DF94 /* AFHTTPSessionManager.m */; settings = {ASSET_TAGS = (); }; };
		752566661B90334E0079DF94 /* AFNetworkReachabilityManager.m in Sources */ = {isa = PBXBuildFile; fileRef = 752566581B90334E0079DF94 /* AFNetworkReachabilityManager.m */; settings = {ASSET_TAGS = (); }; };
		752566671B90334E0079DF94 /* AFSecurityPolicy.m in Sources */ = {isa = PBXBuildFile; fileRef = 7525665A1B90334E0079DF94 /* AFSecurityPolicy.m */; settings = {ASSET_TAGS = (); }; };
		752566681B90334E0079DF94 /* AFURLConnectionOperation.m in Sources */ = {isa = PBXBuildFile; fileRef = 7525665C1B90334E0079DF94 /* AFURLConnectionOperation.m */; settings = {ASSET_TAGS = (); }; };
		752566691B90334E0079DF94 /* AFURLRequestSerialization.m in Sources */ = {isa = PBXBuildFile; fileRef = 7525665E1B90334E0079DF94 /* AFURLRequestSerialization.m */; settings = {ASSET_TAGS = (); }; };
		7525666A1B90334E0079DF94 /* AFURLResponseSerialization.m in Sources */ = {isa = PBXBuildFile; fileRef = 752566601B90334E0079DF94 /* AFURLResponseSerialization.m */; settings = {ASSET_TAGS = (); }; };
		7525666B1B90334E0079DF94 /* AFURLSessionManager.m in Sources */ = {isa = PBXBuildFile; fileRef = 752566621B90334E0079DF94 /* AFURLSessionManager.m */; settings = {ASSET_TAGS = (); }; };
		7525666F1B9033B70079DF94 /* HOServiceManager.m in Sources */ = {isa = PBXBuildFile; fileRef = 7525666E1B9033B70079DF94 /* HOServiceManager.m */; settings = {ASSET_TAGS = (); }; };
		7560EAD91B90683B00870633 /* HOUser.m in Sources */ = {isa = PBXBuildFile; fileRef = 7560EAD81B90683B00870633 /* HOUser.m */; settings = {ASSET_TAGS = (); }; };
		7560EADC1B90694700870633 /* NSDictionary+HODictionary.m in Sources */ = {isa = PBXBuildFile; fileRef = 7560EADB1B90694700870633 /* NSDictionary+HODictionary.m */; settings = {ASSET_TAGS = (); }; };
		7560EADF1B90698D00870633 /* NSString+HOString.m in Sources */ = {isa = PBXBuildFile; fileRef = 7560EADE1B90698D00870633 /* NSString+HOString.m */; settings = {ASSET_TAGS = (); }; };
		75647DB91B8F698100B1CD9D /* main.m in Sources */ = {isa = PBXBuildFile; fileRef = 75647DB81B8F698100B1CD9D /* main.m */; };
		75647DBC1B8F698100B1CD9D /* AppDelegate.m in Sources */ = {isa = PBXBuildFile; fileRef = 75647DBB1B8F698100B1CD9D /* AppDelegate.m */; };
		75647DBF1B8F698100B1CD9D /* ViewController.m in Sources */ = {isa = PBXBuildFile; fileRef = 75647DBE1B8F698100B1CD9D /* ViewController.m */; };
		75647DC21B8F698100B1CD9D /* Main.storyboard in Resources */ = {isa = PBXBuildFile; fileRef = 75647DC01B8F698100B1CD9D /* Main.storyboard */; };
		75647DC41B8F698100B1CD9D /* Assets.xcassets in Resources */ = {isa = PBXBuildFile; fileRef = 75647DC31B8F698100B1CD9D /* Assets.xcassets */; };
		75647DC71B8F698100B1CD9D /* LaunchScreen.storyboard in Resources */ = {isa = PBXBuildFile; fileRef = 75647DC51B8F698100B1CD9D /* LaunchScreen.storyboard */; };
		75647DD21B8F698200B1CD9D /* OracleTests.m in Sources */ = {isa = PBXBuildFile; fileRef = 75647DD11B8F698200B1CD9D /* OracleTests.m */; };
		75647DDD1B8F698200B1CD9D /* OracleUITests.m in Sources */ = {isa = PBXBuildFile; fileRef = 75647DDC1B8F698200B1CD9D /* OracleUITests.m */; };
		75647DE21B8F698200B1CD9D /* Oracle WatchKit App.app in Embed Watch Content */ = {isa = PBXBuildFile; fileRef = 75647DE11B8F698200B1CD9D /* Oracle WatchKit App.app */; };
		75647DE81B8F698200B1CD9D /* Interface.storyboard in Resources */ = {isa = PBXBuildFile; fileRef = 75647DE61B8F698200B1CD9D /* Interface.storyboard */; };
		75647DEA1B8F698200B1CD9D /* Assets.xcassets in Resources */ = {isa = PBXBuildFile; fileRef = 75647DE91B8F698200B1CD9D /* Assets.xcassets */; };
		75647DF11B8F698200B1CD9D /* Oracle WatchKit Extension.appex in Embed App Extensions */ = {isa = PBXBuildFile; fileRef = 75647DF01B8F698200B1CD9D /* Oracle WatchKit Extension.appex */; settings = {ATTRIBUTES = (RemoveHeadersOnCopy, ); }; };
		75647DF71B8F698200B1CD9D /* InterfaceController.m in Sources */ = {isa = PBXBuildFile; fileRef = 75647DF61B8F698200B1CD9D /* InterfaceController.m */; };
		75647DFA1B8F698200B1CD9D /* ExtensionDelegate.m in Sources */ = {isa = PBXBuildFile; fileRef = 75647DF91B8F698200B1CD9D /* ExtensionDelegate.m */; };
		75647DFD1B8F698200B1CD9D /* GlanceController.m in Sources */ = {isa = PBXBuildFile; fileRef = 75647DFC1B8F698200B1CD9D /* GlanceController.m */; };
		75647DFF1B8F698200B1CD9D /* Assets.xcassets in Resources */ = {isa = PBXBuildFile; fileRef = 75647DFE1B8F698200B1CD9D /* Assets.xcassets */; };
		75647E161B8F69D300B1CD9D /* HealthKit.framework in Frameworks */ = {isa = PBXBuildFile; fileRef = 75647E151B8F69D300B1CD9D /* HealthKit.framework */; };
		756586161B96CCBF001898F5 /* HealthKit.framework in Frameworks */ = {isa = PBXBuildFile; fileRef = 756586151B96CCBF001898F5 /* HealthKit.framework */; };
		75E66B001B9016AE00687A4C /* HKHealthStore+AAPLExtensions.m in Sources */ = {isa = PBXBuildFile; fileRef = 75E66AFF1B9016AE00687A4C /* HKHealthStore+AAPLExtensions.m */; settings = {ASSET_TAGS = (); }; };
/* End PBXBuildFile section */

/* Begin PBXContainerItemProxy section */
		75647DCE1B8F698200B1CD9D /* PBXContainerItemProxy */ = {
			isa = PBXContainerItemProxy;
			containerPortal = 75647DAC1B8F698100B1CD9D /* Project object */;
			proxyType = 1;
			remoteGlobalIDString = 75647DB31B8F698100B1CD9D;
			remoteInfo = Oracle;
		};
		75647DD91B8F698200B1CD9D /* PBXContainerItemProxy */ = {
			isa = PBXContainerItemProxy;
			containerPortal = 75647DAC1B8F698100B1CD9D /* Project object */;
			proxyType = 1;
			remoteGlobalIDString = 75647DB31B8F698100B1CD9D;
			remoteInfo = Oracle;
		};
		75647DE31B8F698200B1CD9D /* PBXContainerItemProxy */ = {
			isa = PBXContainerItemProxy;
			containerPortal = 75647DAC1B8F698100B1CD9D /* Project object */;
			proxyType = 1;
			remoteGlobalIDString = 75647DE01B8F698200B1CD9D;
			remoteInfo = "Oracle WatchKit App";
		};
		75647DF21B8F698200B1CD9D /* PBXContainerItemProxy */ = {
			isa = PBXContainerItemProxy;
			containerPortal = 75647DAC1B8F698100B1CD9D /* Project object */;
			proxyType = 1;
			remoteGlobalIDString = 75647DEF1B8F698200B1CD9D;
			remoteInfo = "Oracle WatchKit Extension";
		};
/* End PBXContainerItemProxy section */

/* Begin PBXCopyFilesBuildPhase section */
		75647E061B8F698200B1CD9D /* Embed App Extensions */ = {
			isa = PBXCopyFilesBuildPhase;
			buildActionMask = 2147483647;
			dstPath = "";
			dstSubfolderSpec = 13;
			files = (
				75647DF11B8F698200B1CD9D /* Oracle WatchKit Extension.appex in Embed App Extensions */,
			);
			name = "Embed App Extensions";
			runOnlyForDeploymentPostprocessing = 0;
		};
		75647E0A1B8F698200B1CD9D /* Embed Watch Content */ = {
			isa = PBXCopyFilesBuildPhase;
			buildActionMask = 2147483647;
			dstPath = "$(CONTENTS_FOLDER_PATH)/Watch";
			dstSubfolderSpec = 16;
			files = (
				75647DE21B8F698200B1CD9D /* Oracle WatchKit App.app in Embed Watch Content */,
			);
			name = "Embed Watch Content";
			runOnlyForDeploymentPostprocessing = 0;
		};
/* End PBXCopyFilesBuildPhase section */

/* Begin PBXFileReference section */
		751A1E251B902BED00D86DBA /* Oracle-Prefix.pch */ = {isa = PBXFileReference; fileEncoding = 4; lastKnownFileType = sourcecode.c.h; path = "Oracle-Prefix.pch"; sourceTree = "<group>"; };
		751A1E261B902C8C00D86DBA /* Global.h */ = {isa = PBXFileReference; fileEncoding = 4; lastKnownFileType = sourcecode.c.h; path = Global.h; sourceTree = "<group>"; };
		752566501B90334E0079DF94 /* AFHTTPRequestOperation.h */ = {isa = PBXFileReference; fileEncoding = 4; lastKnownFileType = sourcecode.c.h; path = AFHTTPRequestOperation.h; sourceTree = "<group>"; };
		752566511B90334E0079DF94 /* AFHTTPRequestOperation.m */ = {isa = PBXFileReference; fileEncoding = 4; lastKnownFileType = sourcecode.c.objc; path = AFHTTPRequestOperation.m; sourceTree = "<group>"; };
		752566521B90334E0079DF94 /* AFHTTPRequestOperationManager.h */ = {isa = PBXFileReference; fileEncoding = 4; lastKnownFileType = sourcecode.c.h; path = AFHTTPRequestOperationManager.h; sourceTree = "<group>"; };
		752566531B90334E0079DF94 /* AFHTTPRequestOperationManager.m */ = {isa = PBXFileReference; fileEncoding = 4; lastKnownFileType = sourcecode.c.objc; path = AFHTTPRequestOperationManager.m; sourceTree = "<group>"; };
		752566541B90334E0079DF94 /* AFHTTPSessionManager.h */ = {isa = PBXFileReference; fileEncoding = 4; lastKnownFileType = sourcecode.c.h; path = AFHTTPSessionManager.h; sourceTree = "<group>"; };
		752566551B90334E0079DF94 /* AFHTTPSessionManager.m */ = {isa = PBXFileReference; fileEncoding = 4; lastKnownFileType = sourcecode.c.objc; path = AFHTTPSessionManager.m; sourceTree = "<group>"; };
		752566561B90334E0079DF94 /* AFNetworking.h */ = {isa = PBXFileReference; fileEncoding = 4; lastKnownFileType = sourcecode.c.h; path = AFNetworking.h; sourceTree = "<group>"; };
		752566571B90334E0079DF94 /* AFNetworkReachabilityManager.h */ = {isa = PBXFileReference; fileEncoding = 4; lastKnownFileType = sourcecode.c.h; path = AFNetworkReachabilityManager.h; sourceTree = "<group>"; };
		752566581B90334E0079DF94 /* AFNetworkReachabilityManager.m */ = {isa = PBXFileReference; fileEncoding = 4; lastKnownFileType = sourcecode.c.objc; path = AFNetworkReachabilityManager.m; sourceTree = "<group>"; };
		752566591B90334E0079DF94 /* AFSecurityPolicy.h */ = {isa = PBXFileReference; fileEncoding = 4; lastKnownFileType = sourcecode.c.h; path = AFSecurityPolicy.h; sourceTree = "<group>"; };
		7525665A1B90334E0079DF94 /* AFSecurityPolicy.m */ = {isa = PBXFileReference; fileEncoding = 4; lastKnownFileType = sourcecode.c.objc; path = AFSecurityPolicy.m; sourceTree = "<group>"; };
		7525665B1B90334E0079DF94 /* AFURLConnectionOperation.h */ = {isa = PBXFileReference; fileEncoding = 4; lastKnownFileType = sourcecode.c.h; path = AFURLConnectionOperation.h; sourceTree = "<group>"; };
		7525665C1B90334E0079DF94 /* AFURLConnectionOperation.m */ = {isa = PBXFileReference; fileEncoding = 4; lastKnownFileType = sourcecode.c.objc; path = AFURLConnectionOperation.m; sourceTree = "<group>"; };
		7525665D1B90334E0079DF94 /* AFURLRequestSerialization.h */ = {isa = PBXFileReference; fileEncoding = 4; lastKnownFileType = sourcecode.c.h; path = AFURLRequestSerialization.h; sourceTree = "<group>"; };
		7525665E1B90334E0079DF94 /* AFURLRequestSerialization.m */ = {isa = PBXFileReference; fileEncoding = 4; lastKnownFileType = sourcecode.c.objc; path = AFURLRequestSerialization.m; sourceTree = "<group>"; };
		7525665F1B90334E0079DF94 /* AFURLResponseSerialization.h */ = {isa = PBXFileReference; fileEncoding = 4; lastKnownFileType = sourcecode.c.h; path = AFURLResponseSerialization.h; sourceTree = "<group>"; };
		752566601B90334E0079DF94 /* AFURLResponseSerialization.m */ = {isa = PBXFileReference; fileEncoding = 4; lastKnownFileType = sourcecode.c.objc; path = AFURLResponseSerialization.m; sourceTree = "<group>"; };
		752566611B90334E0079DF94 /* AFURLSessionManager.h */ = {isa = PBXFileReference; fileEncoding = 4; lastKnownFileType = sourcecode.c.h; path = AFURLSessionManager.h; sourceTree = "<group>"; };
		752566621B90334E0079DF94 /* AFURLSessionManager.m */ = {isa = PBXFileReference; fileEncoding = 4; lastKnownFileType = sourcecode.c.objc; path = AFURLSessionManager.m; sourceTree = "<group>"; };
		7525666D1B9033B70079DF94 /* HOServiceManager.h */ = {isa = PBXFileReference; fileEncoding = 4; lastKnownFileType = sourcecode.c.h; path = HOServiceManager.h; sourceTree = "<group>"; };
		7525666E1B9033B70079DF94 /* HOServiceManager.m */ = {isa = PBXFileReference; fileEncoding = 4; lastKnownFileType = sourcecode.c.objc; path = HOServiceManager.m; sourceTree = "<group>"; };
		752566701B90491C0079DF94 /* Macros.h */ = {isa = PBXFileReference; fileEncoding = 4; lastKnownFileType = sourcecode.c.h; path = Macros.h; sourceTree = "<group>"; };
		7560EAD71B90683B00870633 /* HOUser.h */ = {isa = PBXFileReference; fileEncoding = 4; lastKnownFileType = sourcecode.c.h; path = HOUser.h; sourceTree = "<group>"; };
		7560EAD81B90683B00870633 /* HOUser.m */ = {isa = PBXFileReference; fileEncoding = 4; lastKnownFileType = sourcecode.c.objc; path = HOUser.m; sourceTree = "<group>"; };
		7560EADA1B90694700870633 /* NSDictionary+HODictionary.h */ = {isa = PBXFileReference; fileEncoding = 4; lastKnownFileType = sourcecode.c.h; path = "NSDictionary+HODictionary.h"; sourceTree = "<group>"; };
		7560EADB1B90694700870633 /* NSDictionary+HODictionary.m */ = {isa = PBXFileReference; fileEncoding = 4; lastKnownFileType = sourcecode.c.objc; path = "NSDictionary+HODictionary.m"; sourceTree = "<group>"; };
		7560EADD1B90698D00870633 /* NSString+HOString.h */ = {isa = PBXFileReference; fileEncoding = 4; lastKnownFileType = sourcecode.c.h; path = "NSString+HOString.h"; sourceTree = "<group>"; };
		7560EADE1B90698D00870633 /* NSString+HOString.m */ = {isa = PBXFileReference; fileEncoding = 4; lastKnownFileType = sourcecode.c.objc; path = "NSString+HOString.m"; sourceTree = "<group>"; };
		75647DB41B8F698100B1CD9D /* Oracle.app */ = {isa = PBXFileReference; explicitFileType = wrapper.application; includeInIndex = 0; path = Oracle.app; sourceTree = BUILT_PRODUCTS_DIR; };
		75647DB81B8F698100B1CD9D /* main.m */ = {isa = PBXFileReference; lastKnownFileType = sourcecode.c.objc; path = main.m; sourceTree = "<group>"; };
		75647DBA1B8F698100B1CD9D /* AppDelegate.h */ = {isa = PBXFileReference; lastKnownFileType = sourcecode.c.h; path = AppDelegate.h; sourceTree = "<group>"; };
		75647DBB1B8F698100B1CD9D /* AppDelegate.m */ = {isa = PBXFileReference; lastKnownFileType = sourcecode.c.objc; path = AppDelegate.m; sourceTree = "<group>"; };
		75647DBD1B8F698100B1CD9D /* ViewController.h */ = {isa = PBXFileReference; lastKnownFileType = sourcecode.c.h; path = ViewController.h; sourceTree = "<group>"; };
		75647DBE1B8F698100B1CD9D /* ViewController.m */ = {isa = PBXFileReference; lastKnownFileType = sourcecode.c.objc; path = ViewController.m; sourceTree = "<group>"; };
		75647DC11B8F698100B1CD9D /* Base */ = {isa = PBXFileReference; lastKnownFileType = file.storyboard; name = Base; path = Base.lproj/Main.storyboard; sourceTree = "<group>"; };
		75647DC31B8F698100B1CD9D /* Assets.xcassets */ = {isa = PBXFileReference; lastKnownFileType = folder.assetcatalog; path = Assets.xcassets; sourceTree = "<group>"; };
		75647DC61B8F698100B1CD9D /* Base */ = {isa = PBXFileReference; lastKnownFileType = file.storyboard; name = Base; path = Base.lproj/LaunchScreen.storyboard; sourceTree = "<group>"; };
		75647DC81B8F698100B1CD9D /* Info.plist */ = {isa = PBXFileReference; lastKnownFileType = text.plist.xml; path = Info.plist; sourceTree = "<group>"; };
		75647DCD1B8F698200B1CD9D /* OracleTests.xctest */ = {isa = PBXFileReference; explicitFileType = wrapper.cfbundle; includeInIndex = 0; path = OracleTests.xctest; sourceTree = BUILT_PRODUCTS_DIR; };
		75647DD11B8F698200B1CD9D /* OracleTests.m */ = {isa = PBXFileReference; lastKnownFileType = sourcecode.c.objc; path = OracleTests.m; sourceTree = "<group>"; };
		75647DD31B8F698200B1CD9D /* Info.plist */ = {isa = PBXFileReference; lastKnownFileType = text.plist.xml; path = Info.plist; sourceTree = "<group>"; };
		75647DD81B8F698200B1CD9D /* OracleUITests.xctest */ = {isa = PBXFileReference; explicitFileType = wrapper.cfbundle; includeInIndex = 0; path = OracleUITests.xctest; sourceTree = BUILT_PRODUCTS_DIR; };
		75647DDC1B8F698200B1CD9D /* OracleUITests.m */ = {isa = PBXFileReference; lastKnownFileType = sourcecode.c.objc; path = OracleUITests.m; sourceTree = "<group>"; };
		75647DDE1B8F698200B1CD9D /* Info.plist */ = {isa = PBXFileReference; lastKnownFileType = text.plist.xml; path = Info.plist; sourceTree = "<group>"; };
		75647DE11B8F698200B1CD9D /* Oracle WatchKit App.app */ = {isa = PBXFileReference; explicitFileType = wrapper.application; includeInIndex = 0; path = "Oracle WatchKit App.app"; sourceTree = BUILT_PRODUCTS_DIR; };
		75647DE71B8F698200B1CD9D /* Base */ = {isa = PBXFileReference; lastKnownFileType = file.storyboard; name = Base; path = Base.lproj/Interface.storyboard; sourceTree = "<group>"; };
		75647DE91B8F698200B1CD9D /* Assets.xcassets */ = {isa = PBXFileReference; lastKnownFileType = folder.assetcatalog; path = Assets.xcassets; sourceTree = "<group>"; };
		75647DEB1B8F698200B1CD9D /* Info.plist */ = {isa = PBXFileReference; lastKnownFileType = text.plist.xml; path = Info.plist; sourceTree = "<group>"; };
		75647DF01B8F698200B1CD9D /* Oracle WatchKit Extension.appex */ = {isa = PBXFileReference; explicitFileType = "wrapper.app-extension"; includeInIndex = 0; path = "Oracle WatchKit Extension.appex"; sourceTree = BUILT_PRODUCTS_DIR; };
		75647DF51B8F698200B1CD9D /* InterfaceController.h */ = {isa = PBXFileReference; lastKnownFileType = sourcecode.c.h; path = InterfaceController.h; sourceTree = "<group>"; };
		75647DF61B8F698200B1CD9D /* InterfaceController.m */ = {isa = PBXFileReference; lastKnownFileType = sourcecode.c.objc; path = InterfaceController.m; sourceTree = "<group>"; };
		75647DF81B8F698200B1CD9D /* ExtensionDelegate.h */ = {isa = PBXFileReference; lastKnownFileType = sourcecode.c.h; path = ExtensionDelegate.h; sourceTree = "<group>"; };
		75647DF91B8F698200B1CD9D /* ExtensionDelegate.m */ = {isa = PBXFileReference; lastKnownFileType = sourcecode.c.objc; path = ExtensionDelegate.m; sourceTree = "<group>"; };
		75647DFB1B8F698200B1CD9D /* GlanceController.h */ = {isa = PBXFileReference; lastKnownFileType = sourcecode.c.h; path = GlanceController.h; sourceTree = "<group>"; };
		75647DFC1B8F698200B1CD9D /* GlanceController.m */ = {isa = PBXFileReference; lastKnownFileType = sourcecode.c.objc; path = GlanceController.m; sourceTree = "<group>"; };
		75647DFE1B8F698200B1CD9D /* Assets.xcassets */ = {isa = PBXFileReference; lastKnownFileType = folder.assetcatalog; path = Assets.xcassets; sourceTree = "<group>"; };
		75647E001B8F698200B1CD9D /* Info.plist */ = {isa = PBXFileReference; lastKnownFileType = text.plist.xml; path = Info.plist; sourceTree = "<group>"; };
		75647E141B8F69D300B1CD9D /* Oracle.entitlements */ = {isa = PBXFileReference; lastKnownFileType = text.xml; path = Oracle.entitlements; sourceTree = "<group>"; };
		75647E151B8F69D300B1CD9D /* HealthKit.framework */ = {isa = PBXFileReference; lastKnownFileType = wrapper.framework; name = HealthKit.framework; path = System/Library/Frameworks/HealthKit.framework; sourceTree = SDKROOT; };
		75647E191B8F69E500B1CD9D /* Oracle WatchKit Extension.entitlements */ = {isa = PBXFileReference; lastKnownFileType = text.xml; path = "Oracle WatchKit Extension.entitlements"; sourceTree = "<group>"; };
		756586141B96CC9B001898F5 /* Oracle WatchKit App.entitlements */ = {isa = PBXFileReference; lastKnownFileType = text.xml; path = "Oracle WatchKit App.entitlements"; sourceTree = "<group>"; };
		756586151B96CCBF001898F5 /* HealthKit.framework */ = {isa = PBXFileReference; lastKnownFileType = wrapper.framework; name = HealthKit.framework; path = Platforms/WatchOS.platform/Developer/SDKs/WatchOS2.0.sdk/System/Library/Frameworks/HealthKit.framework; sourceTree = DEVELOPER_DIR; };
		75E66AFE1B9016AE00687A4C /* HKHealthStore+AAPLExtensions.h */ = {isa = PBXFileReference; fileEncoding = 4; lastKnownFileType = sourcecode.c.h; path = "HKHealthStore+AAPLExtensions.h"; sourceTree = "<group>"; };
		75E66AFF1B9016AE00687A4C /* HKHealthStore+AAPLExtensions.m */ = {isa = PBXFileReference; fileEncoding = 4; lastKnownFileType = sourcecode.c.objc; path = "HKHealthStore+AAPLExtensions.m"; sourceTree = "<group>"; };
/* End PBXFileReference section */

/* Begin PBXFrameworksBuildPhase section */
		75647DB11B8F698100B1CD9D /* Frameworks */ = {
			isa = PBXFrameworksBuildPhase;
			buildActionMask = 2147483647;
			files = (
				75647E161B8F69D300B1CD9D /* HealthKit.framework in Frameworks */,
			);
			runOnlyForDeploymentPostprocessing = 0;
		};
		75647DCA1B8F698200B1CD9D /* Frameworks */ = {
			isa = PBXFrameworksBuildPhase;
			buildActionMask = 2147483647;
			files = (
			);
			runOnlyForDeploymentPostprocessing = 0;
		};
		75647DD51B8F698200B1CD9D /* Frameworks */ = {
			isa = PBXFrameworksBuildPhase;
			buildActionMask = 2147483647;
			files = (
			);
			runOnlyForDeploymentPostprocessing = 0;
		};
		75647DED1B8F698200B1CD9D /* Frameworks */ = {
			isa = PBXFrameworksBuildPhase;
			buildActionMask = 2147483647;
			files = (
				756586161B96CCBF001898F5 /* HealthKit.framework in Frameworks */,
			);
			runOnlyForDeploymentPostprocessing = 0;
		};
/* End PBXFrameworksBuildPhase section */

/* Begin PBXGroup section */
		7525664E1B90334E0079DF94 /* ThirdParty */ = {
			isa = PBXGroup;
			children = (
				7525664F1B90334E0079DF94 /* AFNetworking */,
			);
			path = ThirdParty;
			sourceTree = "<group>";
		};
		7525664F1B90334E0079DF94 /* AFNetworking */ = {
			isa = PBXGroup;
			children = (
				752566501B90334E0079DF94 /* AFHTTPRequestOperation.h */,
				752566511B90334E0079DF94 /* AFHTTPRequestOperation.m */,
				752566521B90334E0079DF94 /* AFHTTPRequestOperationManager.h */,
				752566531B90334E0079DF94 /* AFHTTPRequestOperationManager.m */,
				752566541B90334E0079DF94 /* AFHTTPSessionManager.h */,
				752566551B90334E0079DF94 /* AFHTTPSessionManager.m */,
				752566561B90334E0079DF94 /* AFNetworking.h */,
				752566571B90334E0079DF94 /* AFNetworkReachabilityManager.h */,
				752566581B90334E0079DF94 /* AFNetworkReachabilityManager.m */,
				752566591B90334E0079DF94 /* AFSecurityPolicy.h */,
				7525665A1B90334E0079DF94 /* AFSecurityPolicy.m */,
				7525665B1B90334E0079DF94 /* AFURLConnectionOperation.h */,
				7525665C1B90334E0079DF94 /* AFURLConnectionOperation.m */,
				7525665D1B90334E0079DF94 /* AFURLRequestSerialization.h */,
				7525665E1B90334E0079DF94 /* AFURLRequestSerialization.m */,
				7525665F1B90334E0079DF94 /* AFURLResponseSerialization.h */,
				752566601B90334E0079DF94 /* AFURLResponseSerialization.m */,
				752566611B90334E0079DF94 /* AFURLSessionManager.h */,
				752566621B90334E0079DF94 /* AFURLSessionManager.m */,
			);
			path = AFNetworking;
			sourceTree = "<group>";
		};
		7525666C1B9033860079DF94 /* ApiManager */ = {
			isa = PBXGroup;
			children = (
				7525666D1B9033B70079DF94 /* HOServiceManager.h */,
				7525666E1B9033B70079DF94 /* HOServiceManager.m */,
			);
			path = ApiManager;
			sourceTree = "<group>";
		};
		7560EAD61B90682100870633 /* Model */ = {
			isa = PBXGroup;
			children = (
				7560EAD71B90683B00870633 /* HOUser.h */,
				7560EAD81B90683B00870633 /* HOUser.m */,
			);
			path = Model;
			sourceTree = "<group>";
		};
		75647DAB1B8F698100B1CD9D = {
			isa = PBXGroup;
			children = (
				756586151B96CCBF001898F5 /* HealthKit.framework */,
				75647E151B8F69D300B1CD9D /* HealthKit.framework */,
				75647DB61B8F698100B1CD9D /* Oracle */,
				75647DD01B8F698200B1CD9D /* OracleTests */,
				75647DDB1B8F698200B1CD9D /* OracleUITests */,
				75647DE51B8F698200B1CD9D /* Oracle WatchKit App */,
				75647DF41B8F698200B1CD9D /* Oracle WatchKit Extension */,
				75647DB51B8F698100B1CD9D /* Products */,
			);
			sourceTree = "<group>";
		};
		75647DB51B8F698100B1CD9D /* Products */ = {
			isa = PBXGroup;
			children = (
				75647DB41B8F698100B1CD9D /* Oracle.app */,
				75647DCD1B8F698200B1CD9D /* OracleTests.xctest */,
				75647DD81B8F698200B1CD9D /* OracleUITests.xctest */,
				75647DE11B8F698200B1CD9D /* Oracle WatchKit App.app */,
				75647DF01B8F698200B1CD9D /* Oracle WatchKit Extension.appex */,
			);
			name = Products;
			sourceTree = "<group>";
		};
		75647DB61B8F698100B1CD9D /* Oracle */ = {
			isa = PBXGroup;
			children = (
				7560EAD61B90682100870633 /* Model */,
				7525666C1B9033860079DF94 /* ApiManager */,
				7525664E1B90334E0079DF94 /* ThirdParty */,
				75E66AFD1B9016AE00687A4C /* Category */,
				75647E141B8F69D300B1CD9D /* Oracle.entitlements */,
				75647DBA1B8F698100B1CD9D /* AppDelegate.h */,
				75647DBB1B8F698100B1CD9D /* AppDelegate.m */,
				75647DBD1B8F698100B1CD9D /* ViewController.h */,
				75647DBE1B8F698100B1CD9D /* ViewController.m */,
				75647DC01B8F698100B1CD9D /* Main.storyboard */,
				75647DC31B8F698100B1CD9D /* Assets.xcassets */,
				75647DC51B8F698100B1CD9D /* LaunchScreen.storyboard */,
				75647DC81B8F698100B1CD9D /* Info.plist */,
				75647DB71B8F698100B1CD9D /* Supporting Files */,
			);
			path = Oracle;
			sourceTree = "<group>";
		};
		75647DB71B8F698100B1CD9D /* Supporting Files */ = {
			isa = PBXGroup;
			children = (
				75647DB81B8F698100B1CD9D /* main.m */,
				751A1E251B902BED00D86DBA /* Oracle-Prefix.pch */,
				751A1E261B902C8C00D86DBA /* Global.h */,
				752566701B90491C0079DF94 /* Macros.h */,
			);
			name = "Supporting Files";
			sourceTree = "<group>";
		};
		75647DD01B8F698200B1CD9D /* OracleTests */ = {
			isa = PBXGroup;
			children = (
				75647DD11B8F698200B1CD9D /* OracleTests.m */,
				75647DD31B8F698200B1CD9D /* Info.plist */,
			);
			path = OracleTests;
			sourceTree = "<group>";
		};
		75647DDB1B8F698200B1CD9D /* OracleUITests */ = {
			isa = PBXGroup;
			children = (
				75647DDC1B8F698200B1CD9D /* OracleUITests.m */,
				75647DDE1B8F698200B1CD9D /* Info.plist */,
			);
			path = OracleUITests;
			sourceTree = "<group>";
		};
		75647DE51B8F698200B1CD9D /* Oracle WatchKit App */ = {
			isa = PBXGroup;
			children = (
				756586141B96CC9B001898F5 /* Oracle WatchKit App.entitlements */,
				75647DE61B8F698200B1CD9D /* Interface.storyboard */,
				75647DE91B8F698200B1CD9D /* Assets.xcassets */,
				75647DEB1B8F698200B1CD9D /* Info.plist */,
			);
			path = "Oracle WatchKit App";
			sourceTree = "<group>";
		};
		75647DF41B8F698200B1CD9D /* Oracle WatchKit Extension */ = {
			isa = PBXGroup;
			children = (
				75647E191B8F69E500B1CD9D /* Oracle WatchKit Extension.entitlements */,
				75647DF51B8F698200B1CD9D /* InterfaceController.h */,
				75647DF61B8F698200B1CD9D /* InterfaceController.m */,
				75647DF81B8F698200B1CD9D /* ExtensionDelegate.h */,
				75647DF91B8F698200B1CD9D /* ExtensionDelegate.m */,
				75647DFB1B8F698200B1CD9D /* GlanceController.h */,
				75647DFC1B8F698200B1CD9D /* GlanceController.m */,
				75647DFE1B8F698200B1CD9D /* Assets.xcassets */,
				75647E001B8F698200B1CD9D /* Info.plist */,
			);
			path = "Oracle WatchKit Extension";
			sourceTree = "<group>";
		};
		75E66AFD1B9016AE00687A4C /* Category */ = {
			isa = PBXGroup;
			children = (
				75E66AFE1B9016AE00687A4C /* HKHealthStore+AAPLExtensions.h */,
				75E66AFF1B9016AE00687A4C /* HKHealthStore+AAPLExtensions.m */,
				7560EADA1B90694700870633 /* NSDictionary+HODictionary.h */,
				7560EADB1B90694700870633 /* NSDictionary+HODictionary.m */,
				7560EADD1B90698D00870633 /* NSString+HOString.h */,
				7560EADE1B90698D00870633 /* NSString+HOString.m */,
			);
			path = Category;
			sourceTree = "<group>";
		};
/* End PBXGroup section */

/* Begin PBXNativeTarget section */
		75647DB31B8F698100B1CD9D /* Oracle */ = {
			isa = PBXNativeTarget;
			buildConfigurationList = 75647E0B1B8F698200B1CD9D /* Build configuration list for PBXNativeTarget "Oracle" */;
			buildPhases = (
				75647DB01B8F698100B1CD9D /* Sources */,
				75647DB11B8F698100B1CD9D /* Frameworks */,
				75647DB21B8F698100B1CD9D /* Resources */,
				75647E0A1B8F698200B1CD9D /* Embed Watch Content */,
			);
			buildRules = (
			);
			dependencies = (
				75647DE41B8F698200B1CD9D /* PBXTargetDependency */,
			);
			name = Oracle;
			productName = Oracle;
			productReference = 75647DB41B8F698100B1CD9D /* Oracle.app */;
			productType = "com.apple.product-type.application";
		};
		75647DCC1B8F698200B1CD9D /* OracleTests */ = {
			isa = PBXNativeTarget;
			buildConfigurationList = 75647E0E1B8F698200B1CD9D /* Build configuration list for PBXNativeTarget "OracleTests" */;
			buildPhases = (
				75647DC91B8F698200B1CD9D /* Sources */,
				75647DCA1B8F698200B1CD9D /* Frameworks */,
				75647DCB1B8F698200B1CD9D /* Resources */,
			);
			buildRules = (
			);
			dependencies = (
				75647DCF1B8F698200B1CD9D /* PBXTargetDependency */,
			);
			name = OracleTests;
			productName = OracleTests;
			productReference = 75647DCD1B8F698200B1CD9D /* OracleTests.xctest */;
			productType = "com.apple.product-type.bundle.unit-test";
		};
		75647DD71B8F698200B1CD9D /* OracleUITests */ = {
			isa = PBXNativeTarget;
			buildConfigurationList = 75647E111B8F698200B1CD9D /* Build configuration list for PBXNativeTarget "OracleUITests" */;
			buildPhases = (
				75647DD41B8F698200B1CD9D /* Sources */,
				75647DD51B8F698200B1CD9D /* Frameworks */,
				75647DD61B8F698200B1CD9D /* Resources */,
			);
			buildRules = (
			);
			dependencies = (
				75647DDA1B8F698200B1CD9D /* PBXTargetDependency */,
			);
			name = OracleUITests;
			productName = OracleUITests;
			productReference = 75647DD81B8F698200B1CD9D /* OracleUITests.xctest */;
			productType = "com.apple.product-type.bundle.ui-testing";
		};
		75647DE01B8F698200B1CD9D /* Oracle WatchKit App */ = {
			isa = PBXNativeTarget;
			buildConfigurationList = 75647E071B8F698200B1CD9D /* Build configuration list for PBXNativeTarget "Oracle WatchKit App" */;
			buildPhases = (
				75647DDF1B8F698200B1CD9D /* Resources */,
				75647E061B8F698200B1CD9D /* Embed App Extensions */,
			);
			buildRules = (
			);
			dependencies = (
				75647DF31B8F698200B1CD9D /* PBXTargetDependency */,
			);
			name = "Oracle WatchKit App";
			productName = "Oracle WatchKit App";
			productReference = 75647DE11B8F698200B1CD9D /* Oracle WatchKit App.app */;
			productType = "com.apple.product-type.application.watchapp2";
		};
		75647DEF1B8F698200B1CD9D /* Oracle WatchKit Extension */ = {
			isa = PBXNativeTarget;
			buildConfigurationList = 75647E031B8F698200B1CD9D /* Build configuration list for PBXNativeTarget "Oracle WatchKit Extension" */;
			buildPhases = (
				75647DEC1B8F698200B1CD9D /* Sources */,
				75647DED1B8F698200B1CD9D /* Frameworks */,
				75647DEE1B8F698200B1CD9D /* Resources */,
			);
			buildRules = (
			);
			dependencies = (
			);
			name = "Oracle WatchKit Extension";
			productName = "Oracle WatchKit Extension";
			productReference = 75647DF01B8F698200B1CD9D /* Oracle WatchKit Extension.appex */;
			productType = "com.apple.product-type.watchkit2-extension";
		};
/* End PBXNativeTarget section */

/* Begin PBXProject section */
		75647DAC1B8F698100B1CD9D /* Project object */ = {
			isa = PBXProject;
			attributes = {
				LastUpgradeCheck = 0700;
				ORGANIZATIONNAME = GTL;
				TargetAttributes = {
					75647DB31B8F698100B1CD9D = {
						CreatedOnToolsVersion = 7.0;
						DevelopmentTeam = BD88DGKDD2;
						SystemCapabilities = {
							com.apple.ApplicationGroups.iOS = {
								enabled = 1;
							};
							com.apple.HealthKit = {
								enabled = 1;
							};
						};
					};
					75647DCC1B8F698200B1CD9D = {
						CreatedOnToolsVersion = 7.0;
						TestTargetID = 75647DB31B8F698100B1CD9D;
					};
					75647DD71B8F698200B1CD9D = {
						CreatedOnToolsVersion = 7.0;
						TestTargetID = 75647DB31B8F698100B1CD9D;
					};
					75647DE01B8F698200B1CD9D = {
						CreatedOnToolsVersion = 7.0;
						DevelopmentTeam = BD88DGKDD2;
						SystemCapabilities = {
							com.apple.ApplicationGroups.iOS = {
								enabled = 0;
							};
						};
					};
					75647DEF1B8F698200B1CD9D = {
						CreatedOnToolsVersion = 7.0;
						DevelopmentTeam = BD88DGKDD2;
						SystemCapabilities = {
							com.apple.ApplicationGroups.iOS = {
								enabled = 1;
							};
							com.apple.HealthKit = {
								enabled = 1;
							};
						};
					};
				};
			};
			buildConfigurationList = 75647DAF1B8F698100B1CD9D /* Build configuration list for PBXProject "Oracle" */;
			compatibilityVersion = "Xcode 3.2";
			developmentRegion = English;
			hasScannedForEncodings = 0;
			knownRegions = (
				en,
				Base,
			);
			mainGroup = 75647DAB1B8F698100B1CD9D;
			productRefGroup = 75647DB51B8F698100B1CD9D /* Products */;
			projectDirPath = "";
			projectRoot = "";
			targets = (
				75647DB31B8F698100B1CD9D /* Oracle */,
				75647DCC1B8F698200B1CD9D /* OracleTests */,
				75647DD71B8F698200B1CD9D /* OracleUITests */,
				75647DE01B8F698200B1CD9D /* Oracle WatchKit App */,
				75647DEF1B8F698200B1CD9D /* Oracle WatchKit Extension */,
			);
		};
/* End PBXProject section */

/* Begin PBXResourcesBuildPhase section */
		75647DB21B8F698100B1CD9D /* Resources */ = {
			isa = PBXResourcesBuildPhase;
			buildActionMask = 2147483647;
			files = (
				75647DC71B8F698100B1CD9D /* LaunchScreen.storyboard in Resources */,
				75647DC41B8F698100B1CD9D /* Assets.xcassets in Resources */,
				75647DC21B8F698100B1CD9D /* Main.storyboard in Resources */,
			);
			runOnlyForDeploymentPostprocessing = 0;
		};
		75647DCB1B8F698200B1CD9D /* Resources */ = {
			isa = PBXResourcesBuildPhase;
			buildActionMask = 2147483647;
			files = (
			);
			runOnlyForDeploymentPostprocessing = 0;
		};
		75647DD61B8F698200B1CD9D /* Resources */ = {
			isa = PBXResourcesBuildPhase;
			buildActionMask = 2147483647;
			files = (
			);
			runOnlyForDeploymentPostprocessing = 0;
		};
		75647DDF1B8F698200B1CD9D /* Resources */ = {
			isa = PBXResourcesBuildPhase;
			buildActionMask = 2147483647;
			files = (
				75647DEA1B8F698200B1CD9D /* Assets.xcassets in Resources */,
				75647DE81B8F698200B1CD9D /* Interface.storyboard in Resources */,
			);
			runOnlyForDeploymentPostprocessing = 0;
		};
		75647DEE1B8F698200B1CD9D /* Resources */ = {
			isa = PBXResourcesBuildPhase;
			buildActionMask = 2147483647;
			files = (
				75647DFF1B8F698200B1CD9D /* Assets.xcassets in Resources */,
			);
			runOnlyForDeploymentPostprocessing = 0;
		};
/* End PBXResourcesBuildPhase section */

/* Begin PBXSourcesBuildPhase section */
		75647DB01B8F698100B1CD9D /* Sources */ = {
			isa = PBXSourcesBuildPhase;
			buildActionMask = 2147483647;
			files = (
				75E66B001B9016AE00687A4C /* HKHealthStore+AAPLExtensions.m in Sources */,
				752566671B90334E0079DF94 /* AFSecurityPolicy.m in Sources */,
				75647DBF1B8F698100B1CD9D /* ViewController.m in Sources */,
				752566641B90334E0079DF94 /* AFHTTPRequestOperationManager.m in Sources */,
				7560EAD91B90683B00870633 /* HOUser.m in Sources */,
				7560EADC1B90694700870633 /* NSDictionary+HODictionary.m in Sources */,
				752566681B90334E0079DF94 /* AFURLConnectionOperation.m in Sources */,
				752566631B90334E0079DF94 /* AFHTTPRequestOperation.m in Sources */,
				7560EADF1B90698D00870633 /* NSString+HOString.m in Sources */,
				75647DBC1B8F698100B1CD9D /* AppDelegate.m in Sources */,
				752566691B90334E0079DF94 /* AFURLRequestSerialization.m in Sources */,
				752566651B90334E0079DF94 /* AFHTTPSessionManager.m in Sources */,
				752566661B90334E0079DF94 /* AFNetworkReachabilityManager.m in Sources */,
				7525666F1B9033B70079DF94 /* HOServiceManager.m in Sources */,
				7525666A1B90334E0079DF94 /* AFURLResponseSerialization.m in Sources */,
				7525666B1B90334E0079DF94 /* AFURLSessionManager.m in Sources */,
				75647DB91B8F698100B1CD9D /* main.m in Sources */,
			);
			runOnlyForDeploymentPostprocessing = 0;
		};
		75647DC91B8F698200B1CD9D /* Sources */ = {
			isa = PBXSourcesBuildPhase;
			buildActionMask = 2147483647;
			files = (
				75647DD21B8F698200B1CD9D /* OracleTests.m in Sources */,
			);
			runOnlyForDeploymentPostprocessing = 0;
		};
		75647DD41B8F698200B1CD9D /* Sources */ = {
			isa = PBXSourcesBuildPhase;
			buildActionMask = 2147483647;
			files = (
				75647DDD1B8F698200B1CD9D /* OracleUITests.m in Sources */,
			);
			runOnlyForDeploymentPostprocessing = 0;
		};
		75647DEC1B8F698200B1CD9D /* Sources */ = {
			isa = PBXSourcesBuildPhase;
			buildActionMask = 2147483647;
			files = (
				75647DFA1B8F698200B1CD9D /* ExtensionDelegate.m in Sources */,
				75647DF71B8F698200B1CD9D /* InterfaceController.m in Sources */,
				75647DFD1B8F698200B1CD9D /* GlanceController.m in Sources */,
			);
			runOnlyForDeploymentPostprocessing = 0;
		};
/* End PBXSourcesBuildPhase section */

/* Begin PBXTargetDependency section */
		75647DCF1B8F698200B1CD9D /* PBXTargetDependency */ = {
			isa = PBXTargetDependency;
			target = 75647DB31B8F698100B1CD9D /* Oracle */;
			targetProxy = 75647DCE1B8F698200B1CD9D /* PBXContainerItemProxy */;
		};
		75647DDA1B8F698200B1CD9D /* PBXTargetDependency */ = {
			isa = PBXTargetDependency;
			target = 75647DB31B8F698100B1CD9D /* Oracle */;
			targetProxy = 75647DD91B8F698200B1CD9D /* PBXContainerItemProxy */;
		};
		75647DE41B8F698200B1CD9D /* PBXTargetDependency */ = {
			isa = PBXTargetDependency;
			target = 75647DE01B8F698200B1CD9D /* Oracle WatchKit App */;
			targetProxy = 75647DE31B8F698200B1CD9D /* PBXContainerItemProxy */;
		};
		75647DF31B8F698200B1CD9D /* PBXTargetDependency */ = {
			isa = PBXTargetDependency;
			target = 75647DEF1B8F698200B1CD9D /* Oracle WatchKit Extension */;
			targetProxy = 75647DF21B8F698200B1CD9D /* PBXContainerItemProxy */;
		};
/* End PBXTargetDependency section */

/* Begin PBXVariantGroup section */
		75647DC01B8F698100B1CD9D /* Main.storyboard */ = {
			isa = PBXVariantGroup;
			children = (
				75647DC11B8F698100B1CD9D /* Base */,
			);
			name = Main.storyboard;
			sourceTree = "<group>";
		};
		75647DC51B8F698100B1CD9D /* LaunchScreen.storyboard */ = {
			isa = PBXVariantGroup;
			children = (
				75647DC61B8F698100B1CD9D /* Base */,
			);
			name = LaunchScreen.storyboard;
			sourceTree = "<group>";
		};
		75647DE61B8F698200B1CD9D /* Interface.storyboard */ = {
			isa = PBXVariantGroup;
			children = (
				75647DE71B8F698200B1CD9D /* Base */,
			);
			name = Interface.storyboard;
			sourceTree = "<group>";
		};
/* End PBXVariantGroup section */

/* Begin XCBuildConfiguration section */
		75647E011B8F698200B1CD9D /* Debug */ = {
			isa = XCBuildConfiguration;
			buildSettings = {
				ALWAYS_SEARCH_USER_PATHS = NO;
				CLANG_CXX_LANGUAGE_STANDARD = "gnu++0x";
				CLANG_CXX_LIBRARY = "libc++";
				CLANG_ENABLE_MODULES = YES;
				CLANG_ENABLE_OBJC_ARC = YES;
				CLANG_WARN_BOOL_CONVERSION = YES;
				CLANG_WARN_CONSTANT_CONVERSION = YES;
				CLANG_WARN_DIRECT_OBJC_ISA_USAGE = YES_ERROR;
				CLANG_WARN_EMPTY_BODY = YES;
				CLANG_WARN_ENUM_CONVERSION = YES;
				CLANG_WARN_INT_CONVERSION = YES;
				CLANG_WARN_OBJC_ROOT_CLASS = YES_ERROR;
				CLANG_WARN_UNREACHABLE_CODE = YES;
				CLANG_WARN__DUPLICATE_METHOD_MATCH = YES;
				CODE_SIGN_IDENTITY = "iPhone Developer: Dipak Chavda (97SF9F33R5)";
				"CODE_SIGN_IDENTITY[sdk=iphoneos*]" = "iPhone Developer: Dipak Chavda (97SF9F33R5)";
				COPY_PHASE_STRIP = NO;
				DEBUG_INFORMATION_FORMAT = dwarf;
				ENABLE_STRICT_OBJC_MSGSEND = YES;
				ENABLE_TESTABILITY = YES;
				GCC_C_LANGUAGE_STANDARD = gnu99;
				GCC_DYNAMIC_NO_PIC = NO;
				GCC_NO_COMMON_BLOCKS = YES;
				GCC_OPTIMIZATION_LEVEL = 0;
				GCC_PREPROCESSOR_DEFINITIONS = (
					"DEBUG=1",
					"$(inherited)",
				);
				GCC_WARN_64_TO_32_BIT_CONVERSION = YES;
				GCC_WARN_ABOUT_RETURN_TYPE = YES_ERROR;
				GCC_WARN_UNDECLARED_SELECTOR = YES;
				GCC_WARN_UNINITIALIZED_AUTOS = YES_AGGRESSIVE;
				GCC_WARN_UNUSED_FUNCTION = YES;
				GCC_WARN_UNUSED_VARIABLE = YES;
				IPHONEOS_DEPLOYMENT_TARGET = 8.0;
				MTL_ENABLE_DEBUG_INFO = YES;
				ONLY_ACTIVE_ARCH = YES;
				PROVISIONING_PROFILE = "e6352e38-ed40-4d07-ab28-f233db3cbb3e";
				SDKROOT = iphoneos;
				TARGETED_DEVICE_FAMILY = "1,2";
			};
			name = Debug;
		};
		75647E021B8F698200B1CD9D /* Release */ = {
			isa = XCBuildConfiguration;
			buildSettings = {
				ALWAYS_SEARCH_USER_PATHS = NO;
				CLANG_CXX_LANGUAGE_STANDARD = "gnu++0x";
				CLANG_CXX_LIBRARY = "libc++";
				CLANG_ENABLE_MODULES = YES;
				CLANG_ENABLE_OBJC_ARC = YES;
				CLANG_WARN_BOOL_CONVERSION = YES;
				CLANG_WARN_CONSTANT_CONVERSION = YES;
				CLANG_WARN_DIRECT_OBJC_ISA_USAGE = YES_ERROR;
				CLANG_WARN_EMPTY_BODY = YES;
				CLANG_WARN_ENUM_CONVERSION = YES;
				CLANG_WARN_INT_CONVERSION = YES;
				CLANG_WARN_OBJC_ROOT_CLASS = YES_ERROR;
				CLANG_WARN_UNREACHABLE_CODE = YES;
				CLANG_WARN__DUPLICATE_METHOD_MATCH = YES;
				CODE_SIGN_IDENTITY = "iPhone Developer: Dipak Chavda (97SF9F33R5)";
				"CODE_SIGN_IDENTITY[sdk=iphoneos*]" = "iPhone Developer: Dipak Chavda (97SF9F33R5)";
				COPY_PHASE_STRIP = NO;
				DEBUG_INFORMATION_FORMAT = "dwarf-with-dsym";
				ENABLE_NS_ASSERTIONS = NO;
				ENABLE_STRICT_OBJC_MSGSEND = YES;
				GCC_C_LANGUAGE_STANDARD = gnu99;
				GCC_NO_COMMON_BLOCKS = YES;
				GCC_WARN_64_TO_32_BIT_CONVERSION = YES;
				GCC_WARN_ABOUT_RETURN_TYPE = YES_ERROR;
				GCC_WARN_UNDECLARED_SELECTOR = YES;
				GCC_WARN_UNINITIALIZED_AUTOS = YES_AGGRESSIVE;
				GCC_WARN_UNUSED_FUNCTION = YES;
				GCC_WARN_UNUSED_VARIABLE = YES;
				IPHONEOS_DEPLOYMENT_TARGET = 8.0;
				MTL_ENABLE_DEBUG_INFO = NO;
				PROVISIONING_PROFILE = "e6352e38-ed40-4d07-ab28-f233db3cbb3e";
				SDKROOT = iphoneos;
				TARGETED_DEVICE_FAMILY = "1,2";
				VALIDATE_PRODUCT = YES;
			};
			name = Release;
		};
		75647E041B8F698200B1CD9D /* Debug */ = {
			isa = XCBuildConfiguration;
			buildSettings = {
				CODE_SIGN_ENTITLEMENTS = "Oracle WatchKit Extension/Oracle WatchKit Extension.entitlements";
				CODE_SIGN_IDENTITY = "iPhone Developer: Dipak Chavda (97SF9F33R5)";
				"CODE_SIGN_IDENTITY[sdk=iphoneos*]" = "iPhone Developer: Dipak Chavda (97SF9F33R5)";
				"CODE_SIGN_IDENTITY[sdk=watchos*]" = "iPhone Developer: Dipak Chavda (97SF9F33R5)";
				INFOPLIST_FILE = "Oracle WatchKit Extension/Info.plist";
				LD_RUNPATH_SEARCH_PATHS = "$(inherited) @executable_path/Frameworks @executable_path/../../Frameworks";
				PRODUCT_BUNDLE_IDENTIFIER = com.gatewaytechnolabs.Oracle.watchkitapp.watchkitextension;
				PRODUCT_NAME = "${TARGET_NAME}";
				PROVISIONING_PROFILE = "e6352e38-ed40-4d07-ab28-f233db3cbb3e";
				SDKROOT = watchos;
				SKIP_INSTALL = YES;
				TARGETED_DEVICE_FAMILY = 4;
				WATCHOS_DEPLOYMENT_TARGET = 2.0;
			};
			name = Debug;
		};
		75647E051B8F698200B1CD9D /* Release */ = {
			isa = XCBuildConfiguration;
			buildSettings = {
				CODE_SIGN_ENTITLEMENTS = "Oracle WatchKit Extension/Oracle WatchKit Extension.entitlements";
				CODE_SIGN_IDENTITY = "iPhone Developer: Dipak Chavda (97SF9F33R5)";
				"CODE_SIGN_IDENTITY[sdk=iphoneos*]" = "iPhone Developer: Dipak Chavda (97SF9F33R5)";
				"CODE_SIGN_IDENTITY[sdk=watchos*]" = "iPhone Developer: Dipak Chavda (97SF9F33R5)";
				INFOPLIST_FILE = "Oracle WatchKit Extension/Info.plist";
				LD_RUNPATH_SEARCH_PATHS = "$(inherited) @executable_path/Frameworks @executable_path/../../Frameworks";
				PRODUCT_BUNDLE_IDENTIFIER = com.gatewaytechnolabs.Oracle.watchkitapp.watchkitextension;
				PRODUCT_NAME = "${TARGET_NAME}";
				PROVISIONING_PROFILE = "e6352e38-ed40-4d07-ab28-f233db3cbb3e";
				SDKROOT = watchos;
				SKIP_INSTALL = YES;
				TARGETED_DEVICE_FAMILY = 4;
				WATCHOS_DEPLOYMENT_TARGET = 2.0;
			};
			name = Release;
		};
		75647E081B8F698200B1CD9D /* Debug */ = {
			isa = XCBuildConfiguration;
			buildSettings = {
				ASSETCATALOG_COMPILER_APPICON_NAME = AppIcon;
				CODE_SIGN_ENTITLEMENTS = "Oracle WatchKit App/Oracle WatchKit App.entitlements";
				CODE_SIGN_IDENTITY = "iPhone Developer: Dipak Chavda (97SF9F33R5)";
				"CODE_SIGN_IDENTITY[sdk=watchos*]" = "iPhone Developer: Dipak Chavda (97SF9F33R5)";
				IBSC_MODULE = Oracle_WatchKit_Extension;
				INFOPLIST_FILE = "Oracle WatchKit App/Info.plist";
				PRODUCT_BUNDLE_IDENTIFIER = com.gatewaytechnolabs.Oracle.watchkitapp;
				PRODUCT_NAME = "$(TARGET_NAME)";
				PROVISIONING_PROFILE = "e6352e38-ed40-4d07-ab28-f233db3cbb3e";
				SDKROOT = watchos;
				SKIP_INSTALL = YES;
				TARGETED_DEVICE_FAMILY = 4;
				WATCHOS_DEPLOYMENT_TARGET = 2.0;
			};
			name = Debug;
		};
		75647E091B8F698200B1CD9D /* Release */ = {
			isa = XCBuildConfiguration;
			buildSettings = {
				ASSETCATALOG_COMPILER_APPICON_NAME = AppIcon;
				CODE_SIGN_ENTITLEMENTS = "Oracle WatchKit App/Oracle WatchKit App.entitlements";
				CODE_SIGN_IDENTITY = "iPhone Developer: Dipak Chavda (97SF9F33R5)";
				"CODE_SIGN_IDENTITY[sdk=watchos*]" = "iPhone Developer: Dipak Chavda (97SF9F33R5)";
				IBSC_MODULE = Oracle_WatchKit_Extension;
				INFOPLIST_FILE = "Oracle WatchKit App/Info.plist";
				PRODUCT_BUNDLE_IDENTIFIER = com.gatewaytechnolabs.Oracle.watchkitapp;
				PRODUCT_NAME = "$(TARGET_NAME)";
				PROVISIONING_PROFILE = "e6352e38-ed40-4d07-ab28-f233db3cbb3e";
				SDKROOT = watchos;
				SKIP_INSTALL = YES;
				TARGETED_DEVICE_FAMILY = 4;
				WATCHOS_DEPLOYMENT_TARGET = 2.0;
			};
			name = Release;
		};
		75647E0C1B8F698200B1CD9D /* Debug */ = {
			isa = XCBuildConfiguration;
			buildSettings = {
				ASSETCATALOG_COMPILER_APPICON_NAME = AppIcon;
				CODE_SIGN_ENTITLEMENTS = Oracle/Oracle.entitlements;
				CODE_SIGN_IDENTITY = "iPhone Developer: Dipak Chavda (97SF9F33R5)";
				"CODE_SIGN_IDENTITY[sdk=iphoneos*]" = "iPhone Developer: Dipak Chavda (97SF9F33R5)";
				GCC_PREFIX_HEADER = "Oracle/Oracle-Prefix.pch";
				INFOPLIST_FILE = Oracle/Info.plist;
				IPHONEOS_DEPLOYMENT_TARGET = 8.0;
				LD_RUNPATH_SEARCH_PATHS = "$(inherited) @executable_path/Frameworks";
				PRODUCT_BUNDLE_IDENTIFIER = com.gatewaytechnolabs.Oracle;
				PRODUCT_NAME = "$(TARGET_NAME)";
				PROVISIONING_PROFILE = "e6352e38-ed40-4d07-ab28-f233db3cbb3e";
			};
			name = Debug;
		};
		75647E0D1B8F698200B1CD9D /* Release */ = {
			isa = XCBuildConfiguration;
			buildSettings = {
				ASSETCATALOG_COMPILER_APPICON_NAME = AppIcon;
				CODE_SIGN_ENTITLEMENTS = Oracle/Oracle.entitlements;
				CODE_SIGN_IDENTITY = "iPhone Developer: Dipak Chavda (97SF9F33R5)";
				"CODE_SIGN_IDENTITY[sdk=iphoneos*]" = "iPhone Developer: Dipak Chavda (97SF9F33R5)";
				GCC_PREFIX_HEADER = "Oracle/Oracle-Prefix.pch";
				INFOPLIST_FILE = Oracle/Info.plist;
				IPHONEOS_DEPLOYMENT_TARGET = 8.0;
				LD_RUNPATH_SEARCH_PATHS = "$(inherited) @executable_path/Frameworks";
				PRODUCT_BUNDLE_IDENTIFIER = com.gatewaytechnolabs.Oracle;
				PRODUCT_NAME = "$(TARGET_NAME)";
				PROVISIONING_PROFILE = "e6352e38-ed40-4d07-ab28-f233db3cbb3e";
			};
			name = Release;
		};
		75647E0F1B8F698200B1CD9D /* Debug */ = {
			isa = XCBuildConfiguration;
			buildSettings = {
				BUNDLE_LOADER = "$(TEST_HOST)";
				INFOPLIST_FILE = OracleTests/Info.plist;
				LD_RUNPATH_SEARCH_PATHS = "$(inherited) @executable_path/Frameworks @loader_path/Frameworks";
				PRODUCT_BUNDLE_IDENTIFIER = com.gatewaytechnolabs.OracleTests;
				PRODUCT_NAME = "$(TARGET_NAME)";
				TEST_HOST = "$(BUILT_PRODUCTS_DIR)/Oracle.app/Oracle";
			};
			name = Debug;
		};
		75647E101B8F698200B1CD9D /* Release */ = {
			isa = XCBuildConfiguration;
			buildSettings = {
				BUNDLE_LOADER = "$(TEST_HOST)";
				INFOPLIST_FILE = OracleTests/Info.plist;
				LD_RUNPATH_SEARCH_PATHS = "$(inherited) @executable_path/Frameworks @loader_path/Frameworks";
				PRODUCT_BUNDLE_IDENTIFIER = com.gatewaytechnolabs.OracleTests;
				PRODUCT_NAME = "$(TARGET_NAME)";
				TEST_HOST = "$(BUILT_PRODUCTS_DIR)/Oracle.app/Oracle";
			};
			name = Release;
		};
		75647E121B8F698200B1CD9D /* Debug */ = {
			isa = XCBuildConfiguration;
			buildSettings = {
				INFOPLIST_FILE = OracleUITests/Info.plist;
				LD_RUNPATH_SEARCH_PATHS = "$(inherited) @executable_path/Frameworks @loader_path/Frameworks";
				PRODUCT_BUNDLE_IDENTIFIER = com.gatewaytechnolabs.OracleUITests;
				PRODUCT_NAME = "$(TARGET_NAME)";
				TEST_TARGET_NAME = Oracle;
				USES_XCTRUNNER = YES;
			};
			name = Debug;
		};
		75647E131B8F698200B1CD9D /* Release */ = {
			isa = XCBuildConfiguration;
			buildSettings = {
				INFOPLIST_FILE = OracleUITests/Info.plist;
				LD_RUNPATH_SEARCH_PATHS = "$(inherited) @executable_path/Frameworks @loader_path/Frameworks";
				PRODUCT_BUNDLE_IDENTIFIER = com.gatewaytechnolabs.OracleUITests;
				PRODUCT_NAME = "$(TARGET_NAME)";
				TEST_TARGET_NAME = Oracle;
				USES_XCTRUNNER = YES;
			};
			name = Release;
		};
/* End XCBuildConfiguration section */

/* Begin XCConfigurationList section */
		75647DAF1B8F698100B1CD9D /* Build configuration list for PBXProject "Oracle" */ = {
			isa = XCConfigurationList;
			buildConfigurations = (
				75647E011B8F698200B1CD9D /* Debug */,
				75647E021B8F698200B1CD9D /* Release */,
			);
			defaultConfigurationIsVisible = 0;
			defaultConfigurationName = Release;
		};
		75647E031B8F698200B1CD9D /* Build configuration list for PBXNativeTarget "Oracle WatchKit Extension" */ = {
			isa = XCConfigurationList;
			buildConfigurations = (
				75647E041B8F698200B1CD9D /* Debug */,
				75647E051B8F698200B1CD9D /* Release */,
			);
			defaultConfigurationIsVisible = 0;
			defaultConfigurationName = Release;
		};
		75647E071B8F698200B1CD9D /* Build configuration list for PBXNativeTarget "Oracle WatchKit App" */ = {
			isa = XCConfigurationList;
			buildConfigurations = (
				75647E081B8F698200B1CD9D /* Debug */,
				75647E091B8F698200B1CD9D /* Release */,
			);
			defaultConfigurationIsVisible = 0;
			defaultConfigurationName = Release;
		};
		75647E0B1B8F698200B1CD9D /* Build configuration list for PBXNativeTarget "Oracle" */ = {
			isa = XCConfigurationList;
			buildConfigurations = (
				75647E0C1B8F698200B1CD9D /* Debug */,
				75647E0D1B8F698200B1CD9D /* Release */,
			);
			defaultConfigurationIsVisible = 0;
			defaultConfigurationName = Release;
		};
		75647E0E1B8F698200B1CD9D /* Build configuration list for PBXNativeTarget "OracleTests" */ = {
			isa = XCConfigurationList;
			buildConfigurations = (
				75647E0F1B8F698200B1CD9D /* Debug */,
				75647E101B8F698200B1CD9D /* Release */,
			);
			defaultConfigurationIsVisible = 0;
			defaultConfigurationName = Release;
		};
		75647E111B8F698200B1CD9D /* Build configuration list for PBXNativeTarget "OracleUITests" */ = {
			isa = XCConfigurationList;
			buildConfigurations = (
				75647E121B8F698200B1CD9D /* Debug */,
				75647E131B8F698200B1CD9D /* Release */,
			);
			defaultConfigurationIsVisible = 0;
			defaultConfigurationName = Release;
		};
/* End XCConfigurationList section */
	};
	rootObject = 75647DAC1B8F698100B1CD9D /* Project object */;
}
